
Microsoft Visual Studio Solution File, Format Version 12.00
# Visual Studio Version 16
VisualStudioVersion = 16.0.31702.278
MinimumVisualStudioVersion = 10.0.40219.1
Project("{FAE04EC0-301F-11D3-BF4B-00C04F79EFBC}") = "CSharpDesignPatterns", "CSharpDesignPatterns\CSharpDesignPatterns.csproj", "{47E3E909-9EB6-4838-BBB4-A6F7ED4817EA}"
EndProject
Global
	GlobalSection(SolutionConfigurationPlatforms) = preSolution
		Debug|Any CPU = Debug|Any CPU
		Release|Any CPU = Release|Any CPU
	EndGlobalSection
	GlobalSection(ProjectConfigurationPlatforms) = postSolution
		{47E3E909-9EB6-4838-BBB4-A6F7ED4817EA}.Debug|Any CPU.ActiveCfg = Debug|Any CPU
		{47E3E909-9EB6-4838-BBB4-A6F7ED4817EA}.Debug|Any CPU.Build.0 = Debug|Any CPU
		{47E3E909-9EB6-4838-BBB4-A6F7ED4817EA}.Release|Any CPU.ActiveCfg = Release|Any CPU
		{47E3E909-9EB6-4838-BBB4-A6F7ED4817EA}.Release|Any CPU.Build.0 = Release|Any CPU
	EndGlobalSection
	GlobalSection(SolutionProperties) = preSolution
		HideSolutionNode = FALSE
	EndGlobalSection
	GlobalSection(ExtensibilityGlobals) = postSolution
		SolutionGuid = {0E1B6908-17B4-4426-A34E-AC7B9898630B}
	EndGlobalSection
EndGlobal
